
Microsoft Visual Studio Solution File, Format Version 12.00
# Visual Studio 2012
Project("{FAE04EC0-301F-11D3-BF4B-00C04F79EFBC}") = "AdventureGameKata", "AdventureGameKata\AdventureGameKata.csproj", "{33DE719C-3E2B-4D0E-836B-2FD9F132BBC8}"
EndProject
Project("{FAE04EC0-301F-11D3-BF4B-00C04F79EFBC}") = "AdventureGameKataTests", "AdventureGameKataTests\AdventureGameKataTests.csproj", "{E102C5E1-1F76-45CD-820D-16F2324B9EF6}"
EndProject
Global
	GlobalSection(SolutionConfigurationPlatforms) = preSolution
		Debug|Any CPU = Debug|Any CPU
		Release|Any CPU = Release|Any CPU
	EndGlobalSection
	GlobalSection(ProjectConfigurationPlatforms) = postSolution
		{33DE719C-3E2B-4D0E-836B-2FD9F132BBC8}.Debug|Any CPU.ActiveCfg = Debug|Any CPU
		{33DE719C-3E2B-4D0E-836B-2FD9F132BBC8}.Debug|Any CPU.Build.0 = Debug|Any CPU
		{33DE719C-3E2B-4D0E-836B-2FD9F132BBC8}.Release|Any CPU.ActiveCfg = Release|Any CPU
		{33DE719C-3E2B-4D0E-836B-2FD9F132BBC8}.Release|Any CPU.Build.0 = Release|Any CPU
		{E102C5E1-1F76-45CD-820D-16F2324B9EF6}.Debug|Any CPU.ActiveCfg = Debug|Any CPU
		{E102C5E1-1F76-45CD-820D-16F2324B9EF6}.Debug|Any CPU.Build.0 = Debug|Any CPU
		{E102C5E1-1F76-45CD-820D-16F2324B9EF6}.Release|Any CPU.ActiveCfg = Release|Any CPU
		{E102C5E1-1F76-45CD-820D-16F2324B9EF6}.Release|Any CPU.Build.0 = Release|Any CPU
	EndGlobalSection
	GlobalSection(SolutionProperties) = preSolution
		HideSolutionNode = FALSE
	EndGlobalSection
EndGlobal
